
Microsoft Visual Studio Solution File, Format Version 12.00
# Visual Studio 2013
VisualStudioVersion = 12.0.40629.0
MinimumVisualStudioVersion = 10.0.40219.1
Project("{2150E333-8FDC-42A3-9474-1A3956D46DE8}") = "Solution Items", "Solution Items", "{459ED6A1-8F3E-4E7C-BE29-D74AD2028981}"
	ProjectSection(SolutionItems) = preProject
		01.ValueAndReferenceTypes = 01.ValueAndReferenceTypes
	EndProjectSection
EndProject
Project("{FAE04EC0-301F-11D3-BF4B-00C04F79EFBC}") = "02.Customer", "02.Customer\02.Customer.csproj", "{652D02B4-1CA8-4053-BC88-6DC458959064}"
EndProject
Project("{FAE04EC0-301F-11D3-BF4B-00C04F79EFBC}") = "03.StringDisperser", "03.StringDisperser\03.StringDisperser.csproj", "{98E6F452-D199-4F75-ABEE-D97E483E99FE}"
EndProject
Global
	GlobalSection(SolutionConfigurationPlatforms) = preSolution
		Debug|Any CPU = Debug|Any CPU
		Release|Any CPU = Release|Any CPU
	EndGlobalSection
	GlobalSection(ProjectConfigurationPlatforms) = postSolution
		{652D02B4-1CA8-4053-BC88-6DC458959064}.Debug|Any CPU.ActiveCfg = Debug|Any CPU
		{652D02B4-1CA8-4053-BC88-6DC458959064}.Debug|Any CPU.Build.0 = Debug|Any CPU
		{652D02B4-1CA8-4053-BC88-6DC458959064}.Release|Any CPU.ActiveCfg = Release|Any CPU
		{652D02B4-1CA8-4053-BC88-6DC458959064}.Release|Any CPU.Build.0 = Release|Any CPU
		{98E6F452-D199-4F75-ABEE-D97E483E99FE}.Debug|Any CPU.ActiveCfg = Debug|Any CPU
		{98E6F452-D199-4F75-ABEE-D97E483E99FE}.Debug|Any CPU.Build.0 = Debug|Any CPU
		{98E6F452-D199-4F75-ABEE-D97E483E99FE}.Release|Any CPU.ActiveCfg = Release|Any CPU
		{98E6F452-D199-4F75-ABEE-D97E483E99FE}.Release|Any CPU.Build.0 = Release|Any CPU
	EndGlobalSection
	GlobalSection(SolutionProperties) = preSolution
		HideSolutionNode = FALSE
	EndGlobalSection
EndGlobal
